PODS:
  - Expecta (1.0.5)
  - Expecta+Snapshots (1.3.1):
    - Expecta
    - FBSnapshotTestCase
  - FBSnapshotTestCase (1.5)
  - FDWaveformView (0.3.1)
  - Specta (1.0.5)

DEPENDENCIES:
  - Expecta
  - Expecta+Snapshots
  - FBSnapshotTestCase (= 1.5)
  - FDWaveformView (from `../`)
  - Specta

EXTERNAL SOURCES:
  FDWaveformView:
    :path: "../"

SPEC CHECKSUMS:
  Expecta: e1c022fcd33910b6be89c291d2775b3fe27a89fe
  Expecta+Snapshots: 4a0b46d3ba755bd43dffa7d53e4585fc6cbfe8cd
  FBSnapshotTestCase: 26f32d8fa9eb30e9f09712ecfb097808bc79b898
  FDWaveformView: dc3de96ec4b78db542690dd103e98ed8e40f2163
  Specta: ac94d110b865115fe60ff2c6d7281053c6f8e8a2

COCOAPODS: 0.39.0
