// !$*UTF8*$!
{
	archiveVersion = 1;
	classes = {
	};
	objectVersion = 52;
	objects = {

/* Begin PBXBuildFile section */
		C4D2819B2383FB4F009DD34E /* Assets.xcassets in Resources */ = {isa = PBXBuildFile; fileRef = C4D281962383FB4F009DD34E /* Assets.xcassets */; };
		C4D281B02383FD0A009DD34E /* Submarine.aiff in Resources */ = {isa = PBXBuildFile; fileRef = C4D281AC2383FD0A009DD34E /* Submarine.aiff */; };
		C4D281B12383FD0A009DD34E /* TchaikovskyExample2.mp3 in Resources */ = {isa = PBXBuildFile; fileRef = C4D281AD2383FD0A009DD34E /* TchaikovskyExample2.mp3 */; };
		C4D281B22383FD0A009DD34E /* TchaikovskyExample2.m4a in Resources */ = {isa = PBXBuildFile; fileRef = C4D281AE2383FD0A009DD34E /* TchaikovskyExample2.m4a */; };
		C4D281B32383FD0A009DD34E /* TchaikovskyExample2.ogg in Resources */ = {isa = PBXBuildFile; fileRef = C4D281AF2383FD0A009DD34E /* TchaikovskyExample2.ogg */; };
		C4D281B82383FD3E009DD34E /* Launch Screen.storyboard in Resources */ = {isa = PBXBuildFile; fileRef = C4D281B42383FD3D009DD34E /* Launch Screen.storyboard */; };
		C4D281B92383FD3E009DD34E /* Main.storyboard in Resources */ = {isa = PBXBuildFile; fileRef = C4D281B62383FD3E009DD34E /* Main.storyboard */; };
		C4D281BB2383FF24009DD34E /* FDWaveformView in Frameworks */ = {isa = PBXBuildFile; productRef = C4D281BA2383FF24009DD34E /* FDWaveformView */; };
		D94BE1BF1CCEBF2C0042282A /* ViewController.swift in Sources */ = {isa = PBXBuildFile; fileRef = D94BE1BE1CCEBF2C0042282A /* ViewController.swift */; };
		D94BE1D31CCEC1730042282A /* AppDelegate.swift in Sources */ = {isa = PBXBuildFile; fileRef = D94BE1D21CCEC1730042282A /* AppDelegate.swift */; };
/* End PBXBuildFile section */

/* Begin PBXCopyFilesBuildPhase section */
		D99B39081CD6904E00E56AE2 /* Copy Frameworks */ = {
			isa = PBXCopyFilesBuildPhase;
			buildActionMask = 2147483647;
			dstPath = "";
			dstSubfolderSpec = 10;
			files = (
			);
			name = "Copy Frameworks";
			runOnlyForDeploymentPostprocessing = 0;
		};
/* End PBXCopyFilesBuildPhase section */

/* Begin PBXFileReference section */
		C4D281962383FB4F009DD34E /* Assets.xcassets */ = {isa = PBXFileReference; lastKnownFileType = folder.assetcatalog; path = Assets.xcassets; sourceTree = "<group>"; };
		C4D281972383FB4F009DD34E /* Info.plist */ = {isa = PBXFileReference; fileEncoding = 4; lastKnownFileType = text.plist.xml; path = Info.plist; sourceTree = "<group>"; };
		C4D281AC2383FD0A009DD34E /* Submarine.aiff */ = {isa = PBXFileReference; lastKnownFileType = audio.aiff; path = Submarine.aiff; sourceTree = "<group>"; };
		C4D281AD2383FD0A009DD34E /* TchaikovskyExample2.mp3 */ = {isa = PBXFileReference; lastKnownFileType = audio.mp3; path = TchaikovskyExample2.mp3; sourceTree = "<group>"; };
		C4D281AE2383FD0A009DD34E /* TchaikovskyExample2.m4a */ = {isa = PBXFileReference; lastKnownFileType = file; path = TchaikovskyExample2.m4a; sourceTree = "<group>"; };
		C4D281AF2383FD0A009DD34E /* TchaikovskyExample2.ogg */ = {isa = PBXFileReference; lastKnownFileType = file; path = TchaikovskyExample2.ogg; sourceTree = "<group>"; };
		C4D281B52383FD3D009DD34E /* Base */ = {isa = PBXFileReference; lastKnownFileType = file.storyboard; name = Base; path = "Base.lproj/Launch Screen.storyboard"; sourceTree = "<group>"; };
		C4D281B72383FD3E009DD34E /* Base */ = {isa = PBXFileReference; lastKnownFileType = file.storyboard; name = Base; path = Base.lproj/Main.storyboard; sourceTree = "<group>"; };
		D94BE1B91CCEBF2C0042282A /* iOS Example.app */ = {isa = PBXFileReference; explicitFileType = wrapper.application; includeInIndex = 0; path = "iOS Example.app"; sourceTree = BUILT_PRODUCTS_DIR; };
		D94BE1BE1CCEBF2C0042282A /* ViewController.swift */ = {isa = PBXFileReference; lastKnownFileType = sourcecode.swift; path = ViewController.swift; sourceTree = "<group>"; };
		D94BE1D21CCEC1730042282A /* AppDelegate.swift */ = {isa = PBXFileReference; fileEncoding = 4; lastKnownFileType = sourcecode.swift; path = AppDelegate.swift; sourceTree = "<group>"; };
/* End PBXFileReference section */

/* Begin PBXFrameworksBuildPhase section */
		D94BE1B61CCEBF2C0042282A /* Frameworks */ = {
			isa = PBXFrameworksBuildPhase;
			buildActionMask = 2147483647;
			files = (
				C4D281BB2383FF24009DD34E /* FDWaveformView in Frameworks */,
			);
			runOnlyForDeploymentPostprocessing = 0;
		};
/* End PBXFrameworksBuildPhase section */

/* Begin PBXGroup section */
		C4D281A82383FC0A009DD34E /* Frameworks */ = {
			isa = PBXGroup;
			children = (
			);
			name = Frameworks;
			sourceTree = "<group>";
		};
		C4D281AB2383FD0A009DD34E /* Resources */ = {
			isa = PBXGroup;
			children = (
				C4D281AC2383FD0A009DD34E /* Submarine.aiff */,
				C4D281AD2383FD0A009DD34E /* TchaikovskyExample2.mp3 */,
				C4D281AE2383FD0A009DD34E /* TchaikovskyExample2.m4a */,
				C4D281AF2383FD0A009DD34E /* TchaikovskyExample2.ogg */,
			);
			path = Resources;
			sourceTree = "<group>";
		};
		D94BE1B01CCEBF2C0042282A = {
			isa = PBXGroup;
			children = (
				D94BE1BB1CCEBF2C0042282A /* Sources */,
				D94BE1BA1CCEBF2C0042282A /* Products */,
				C4D281A82383FC0A009DD34E /* Frameworks */,
			);
			sourceTree = "<group>";
		};
		D94BE1BA1CCEBF2C0042282A /* Products */ = {
			isa = PBXGroup;
			children = (
				D94BE1B91CCEBF2C0042282A /* iOS Example.app */,
			);
			name = Products;
			sourceTree = "<group>";
		};
		D94BE1BB1CCEBF2C0042282A /* Sources */ = {
			isa = PBXGroup;
			children = (
				C4D281B42383FD3D009DD34E /* Launch Screen.storyboard */,
				C4D281B62383FD3E009DD34E /* Main.storyboard */,
				D94BE1D21CCEC1730042282A /* AppDelegate.swift */,
				D94BE1BE1CCEBF2C0042282A /* ViewController.swift */,
				C4D281962383FB4F009DD34E /* Assets.xcassets */,
				C4D281972383FB4F009DD34E /* Info.plist */,
				C4D281AB2383FD0A009DD34E /* Resources */,
			);
			path = Sources;
			sourceTree = "<group>";
		};
/* End PBXGroup section */

/* Begin PBXNativeTarget section */
		D94BE1B81CCEBF2C0042282A /* iOS Example */ = {
			isa = PBXNativeTarget;
			buildConfigurationList = D94BE1CB1CCEBF2C0042282A /* Build configuration list for PBXNativeTarget "iOS Example" */;
			buildPhases = (
				D94BE1B51CCEBF2C0042282A /* Sources */,
				D94BE1B61CCEBF2C0042282A /* Frameworks */,
				D94BE1B71CCEBF2C0042282A /* Resources */,
				D99B39081CD6904E00E56AE2 /* Copy Frameworks */,
			);
			buildRules = (
			);
			dependencies = (
				C4D281A72383FBFE009DD34E /* PBXTargetDependency */,
			);
			name = "iOS Example";
			packageProductDependencies = (
				C4D281BA2383FF24009DD34E /* FDWaveformView */,
			);
			productName = "FDWaveformView iOS";
			productReference = D94BE1B91CCEBF2C0042282A /* iOS Example.app */;
			productType = "com.apple.product-type.application";
		};
/* End PBXNativeTarget section */

/* Begin PBXProject section */
		D94BE1B11CCEBF2C0042282A /* Project object */ = {
			isa = PBXProject;
			attributes = {
				LastSwiftUpdateCheck = 0730;
				LastUpgradeCheck = 1020;
				ORGANIZATIONNAME = "William Entriken";
				TargetAttributes = {
					D94BE1B81CCEBF2C0042282A = {
						CreatedOnToolsVersion = 7.3;
						DevelopmentTeam = 8Q693ZG5RN;
						LastSwiftMigration = 1020;
					};
				};
			};
			buildConfigurationList = D94BE1B41CCEBF2C0042282A /* Build configuration list for PBXProject "iOS Example" */;
			compatibilityVersion = "Xcode 3.2";
			developmentRegion = en;
			hasScannedForEncodings = 0;
			knownRegions = (
				en,
				Base,
			);
			mainGroup = D94BE1B01CCEBF2C0042282A;
			productRefGroup = D94BE1BA1CCEBF2C0042282A /* Products */;
			projectDirPath = "";
			projectRoot = "";
			targets = (
				D94BE1B81CCEBF2C0042282A /* iOS Example */,
			);
		};
/* End PBXProject section */

/* Begin PBXResourcesBuildPhase section */
		D94BE1B71CCEBF2C0042282A /* Resources */ = {
			isa = PBXResourcesBuildPhase;
			buildActionMask = 2147483647;
			files = (
				C4D281B92383FD3E009DD34E /* Main.storyboard in Resources */,
				C4D281B82383FD3E009DD34E /* Launch Screen.storyboard in Resources */,
				C4D281B02383FD0A009DD34E /* Submarine.aiff in Resources */,
				C4D281B22383FD0A009DD34E /* TchaikovskyExample2.m4a in Resources */,
				C4D2819B2383FB4F009DD34E /* Assets.xcassets in Resources */,
				C4D281B32383FD0A009DD34E /* TchaikovskyExample2.ogg in Resources */,
				C4D281B12383FD0A009DD34E /* TchaikovskyExample2.mp3 in Resources */,
			);
			runOnlyForDeploymentPostprocessing = 0;
		};
/* End PBXResourcesBuildPhase section */

/* Begin PBXSourcesBuildPhase section */
		D94BE1B51CCEBF2C0042282A /* Sources */ = {
			isa = PBXSourcesBuildPhase;
			buildActionMask = 2147483647;
			files = (
				D94BE1D31CCEC1730042282A /* AppDelegate.swift in Sources */,
				D94BE1BF1CCEBF2C0042282A /* ViewController.swift in Sources */,
			);
			runOnlyForDeploymentPostprocessing = 0;
		};
/* End PBXSourcesBuildPhase section */

/* Begin PBXTargetDependency section */
		C4D281A72383FBFE009DD34E /* PBXTargetDependency */ = {
			isa = PBXTargetDependency;
			productRef = C4D281A62383FBFE009DD34E /* FDWaveformView */;
		};
/* End PBXTargetDependency section */

/* Begin PBXVariantGroup section */
		C4D281B42383FD3D009DD34E /* Launch Screen.storyboard */ = {
			isa = PBXVariantGroup;
			children = (
				C4D281B52383FD3D009DD34E /* Base */,
			);
			name = "Launch Screen.storyboard";
			sourceTree = "<group>";
		};
		C4D281B62383FD3E009DD34E /* Main.storyboard */ = {
			isa = PBXVariantGroup;
			children = (
				C4D281B72383FD3E009DD34E /* Base */,
			);
			name = Main.storyboard;
			sourceTree = "<group>";
		};
/* End PBXVariantGroup section */

/* Begin XCBuildConfiguration section */
		D94BE1C91CCEBF2C0042282A /* Debug */ = {
			isa = XCBuildConfiguration;
			buildSettings = {
				ALWAYS_SEARCH_USER_PATHS = NO;
				CLANG_ANALYZER_LOCALIZABILITY_NONLOCALIZED = YES;
				CLANG_ANALYZER_NONNULL = YES;
				CLANG_CXX_LANGUAGE_STANDARD = "gnu++0x";
				CLANG_CXX_LIBRARY = "libc++";
				CLANG_ENABLE_MODULES = YES;
				CLANG_ENABLE_OBJC_ARC = YES;
				CLANG_WARN_BLOCK_CAPTURE_AUTORELEASING = YES;
				CLANG_WARN_BOOL_CONVERSION = YES;
				CLANG_WARN_COMMA = YES;
				CLANG_WARN_CONSTANT_CONVERSION = YES;
				CLANG_WARN_DEPRECATED_OBJC_IMPLEMENTATIONS = YES;
				CLANG_WARN_DIRECT_OBJC_ISA_USAGE = YES_ERROR;
				CLANG_WARN_EMPTY_BODY = YES;
				CLANG_WARN_ENUM_CONVERSION = YES;
				CLANG_WARN_INFINITE_RECURSION = YES;
				CLANG_WARN_INT_CONVERSION = YES;
				CLANG_WARN_NON_LITERAL_NULL_CONVERSION = YES;
				CLANG_WARN_OBJC_IMPLICIT_RETAIN_SELF = YES;
				CLANG_WARN_OBJC_LITERAL_CONVERSION = YES;
				CLANG_WARN_OBJC_ROOT_CLASS = YES_ERROR;
				CLANG_WARN_RANGE_LOOP_ANALYSIS = YES;
				CLANG_WARN_STRICT_PROTOTYPES = YES;
				CLANG_WARN_SUSPICIOUS_MOVE = YES;
				CLANG_WARN_UNREACHABLE_CODE = YES;
				CLANG_WARN__DUPLICATE_METHOD_MATCH = YES;
				"CODE_SIGN_IDENTITY[sdk=iphoneos*]" = "iPhone Developer";
				COPY_PHASE_STRIP = NO;
				DEBUG_INFORMATION_FORMAT = dwarf;
				ENABLE_STRICT_OBJC_MSGSEND = YES;
				ENABLE_TESTABILITY = YES;
				GCC_C_LANGUAGE_STANDARD = gnu99;
				GCC_DYNAMIC_NO_PIC = NO;
				GCC_NO_COMMON_BLOCKS = YES;
				GCC_OPTIMIZATION_LEVEL = 0;
				GCC_PREPROCESSOR_DEFINITIONS = (
					"DEBUG=1",
					"$(inherited)",
				);
				GCC_WARN_64_TO_32_BIT_CONVERSION = YES;
				GCC_WARN_ABOUT_RETURN_TYPE = YES_ERROR;
				GCC_WARN_UNDECLARED_SELECTOR = YES;
				GCC_WARN_UNINITIALIZED_AUTOS = YES_AGGRESSIVE;
				GCC_WARN_UNUSED_FUNCTION = YES;
				GCC_WARN_UNUSED_VARIABLE = YES;
				IPHONEOS_DEPLOYMENT_TARGET = 9.3;
				MTL_ENABLE_DEBUG_INFO = YES;
				ONLY_ACTIVE_ARCH = YES;
				SDKROOT = iphoneos;
				SWIFT_OPTIMIZATION_LEVEL = "-Onone";
				SWIFT_VERSION = 5.0;
				TARGETED_DEVICE_FAMILY = "1,2";
			};
			name = Debug;
		};
		D94BE1CA1CCEBF2C0042282A /* Release */ = {
			isa = XCBuildConfiguration;
			buildSettings = {
				ALWAYS_SEARCH_USER_PATHS = NO;
				CLANG_ANALYZER_LOCALIZABILITY_NONLOCALIZED = YES;
				CLANG_ANALYZER_NONNULL = YES;
				CLANG_CXX_LANGUAGE_STANDARD = "gnu++0x";
				CLANG_CXX_LIBRARY = "libc++";
				CLANG_ENABLE_MODULES = YES;
				CLANG_ENABLE_OBJC_ARC = YES;
				CLANG_WARN_BLOCK_CAPTURE_AUTORELEASING = YES;
				CLANG_WARN_BOOL_CONVERSION = YES;
				CLANG_WARN_COMMA = YES;
				CLANG_WARN_CONSTANT_CONVERSION = YES;
				CLANG_WARN_DEPRECATED_OBJC_IMPLEMENTATIONS = YES;
				CLANG_WARN_DIRECT_OBJC_ISA_USAGE = YES_ERROR;
				CLANG_WARN_EMPTY_BODY = YES;
				CLANG_WARN_ENUM_CONVERSION = YES;
				CLANG_WARN_INFINITE_RECURSION = YES;
				CLANG_WARN_INT_CONVERSION = YES;
				CLANG_WARN_NON_LITERAL_NULL_CONVERSION = YES;
				CLANG_WARN_OBJC_IMPLICIT_RETAIN_SELF = YES;
				CLANG_WARN_OBJC_LITERAL_CONVERSION = YES;
				CLANG_WARN_OBJC_ROOT_CLASS = YES_ERROR;
				CLANG_WARN_RANGE_LOOP_ANALYSIS = YES;
				CLANG_WARN_STRICT_PROTOTYPES = YES;
				CLANG_WARN_SUSPICIOUS_MOVE = YES;
				CLANG_WARN_UNREACHABLE_CODE = YES;
				CLANG_WARN__DUPLICATE_METHOD_MATCH = YES;
				"CODE_SIGN_IDENTITY[sdk=iphoneos*]" = "iPhone Developer";
				COPY_PHASE_STRIP = NO;
				DEBUG_INFORMATION_FORMAT = "dwarf-with-dsym";
				ENABLE_NS_ASSERTIONS = NO;
				ENABLE_STRICT_OBJC_MSGSEND = YES;
				GCC_C_LANGUAGE_STANDARD = gnu99;
				GCC_NO_COMMON_BLOCKS = YES;
				GCC_WARN_64_TO_32_BIT_CONVERSION = YES;
				GCC_WARN_ABOUT_RETURN_TYPE = YES_ERROR;
				GCC_WARN_UNDECLARED_SELECTOR = YES;
				GCC_WARN_UNINITIALIZED_AUTOS = YES_AGGRESSIVE;
				GCC_WARN_UNUSED_FUNCTION = YES;
				GCC_WARN_UNUSED_VARIABLE = YES;
				IPHONEOS_DEPLOYMENT_TARGET = 9.3;
				MTL_ENABLE_DEBUG_INFO = NO;
				SDKROOT = iphoneos;
				SWIFT_COMPILATION_MODE = wholemodule;
				SWIFT_OPTIMIZATION_LEVEL = "-O";
				SWIFT_VERSION = 5.0;
				TARGETED_DEVICE_FAMILY = "1,2";
				VALIDATE_PRODUCT = YES;
			};
			name = Release;
		};
		D94BE1CC1CCEBF2C0042282A /* Debug */ = {
			isa = XCBuildConfiguration;
			buildSettings = {
				ALWAYS_EMBED_SWIFT_STANDARD_LIBRARIES = YES;
				ASSETCATALOG_COMPILER_APPICON_NAME = AppIcon;
				DEVELOPMENT_TEAM = 8Q693ZG5RN;
				FRAMEWORK_SEARCH_PATHS = "";
				INFOPLIST_FILE = "$(SRCROOT)/Sources/Info.plist";
				IPHONEOS_DEPLOYMENT_TARGET = 9.0;
				LD_RUNPATH_SEARCH_PATHS = (
					"$(inherited)",
					"@executable_path/Frameworks",
				);
				PRODUCT_BUNDLE_IDENTIFIER = "net.phor.FDWaveformView.FDWaveformView-iOS";
				PRODUCT_NAME = "iOS Example";
				SWIFT_VERSION = 5.0;
			};
			name = Debug;
		};
		D94BE1CD1CCEBF2C0042282A /* Release */ = {
			isa = XCBuildConfiguration;
			buildSettings = {
				ALWAYS_EMBED_SWIFT_STANDARD_LIBRARIES = YES;
				ASSETCATALOG_COMPILER_APPICON_NAME = AppIcon;
				DEVELOPMENT_TEAM = 8Q693ZG5RN;
				FRAMEWORK_SEARCH_PATHS = "";
				INFOPLIST_FILE = "$(SRCROOT)/Sources/Info.plist";
				IPHONEOS_DEPLOYMENT_TARGET = 9.0;
				LD_RUNPATH_SEARCH_PATHS = (
					"$(inherited)",
					"@executable_path/Frameworks",
				);
				PRODUCT_BUNDLE_IDENTIFIER = "net.phor.FDWaveformView.FDWaveformView-iOS";
				PRODUCT_NAME = "iOS Example";
				SWIFT_VERSION = 5.0;
			};
			name = Release;
		};
/* End XCBuildConfiguration section */

/* Begin XCConfigurationList section */
		D94BE1B41CCEBF2C0042282A /* Build configuration list for PBXProject "iOS Example" */ = {
			isa = XCConfigurationList;
			buildConfigurations = (
				D94BE1C91CCEBF2C0042282A /* Debug */,
				D94BE1CA1CCEBF2C0042282A /* Release */,
			);
			defaultConfigurationIsVisible = 0;
			defaultConfigurationName = Release;
		};
		D94BE1CB1CCEBF2C0042282A /* Build configuration list for PBXNativeTarget "iOS Example" */ = {
			isa = XCConfigurationList;
			buildConfigurations = (
				D94BE1CC1CCEBF2C0042282A /* Debug */,
				D94BE1CD1CCEBF2C0042282A /* Release */,
			);
			defaultConfigurationIsVisible = 0;
			defaultConfigurationName = Release;
		};
/* End XCConfigurationList section */

/* Begin XCSwiftPackageProductDependency section */
		C4D281A62383FBFE009DD34E /* FDWaveformView */ = {
			isa = XCSwiftPackageProductDependency;
			productName = FDWaveformView;
		};
		C4D281BA2383FF24009DD34E /* FDWaveformView */ = {
			isa = XCSwiftPackageProductDependency;
			productName = FDWaveformView;
		};
/* End XCSwiftPackageProductDependency section */
	};
	rootObject = D94BE1B11CCEBF2C0042282A /* Project object */;
}
