// !$*UTF8*$!
{
	archiveVersion = 1;
	classes = {
	};
	objectVersion = 46;
	objects = {

/* Begin PBXBuildFile section */
		65F5121A1CB69A3D00172FF3 /* FDWaveformView.h in Headers */ = {isa = PBXBuildFile; fileRef = 65F512191CB69A3D00172FF3 /* FDWaveformView.h */; settings = {ATTRIBUTES = (Public, ); }; };
		65F512241CB69AFE00172FF3 /* FDWaveformView.h in Headers */ = {isa = PBXBuildFile; fileRef = 65F512221CB69AFE00172FF3 /* FDWaveformView.h */; settings = {ATTRIBUTES = (Public, ); }; };
		65F512251CB69AFE00172FF3 /* FDWaveformView.m in Sources */ = {isa = PBXBuildFile; fileRef = 65F512231CB69AFE00172FF3 /* FDWaveformView.m */; };
/* End PBXBuildFile section */

/* Begin PBXFileReference section */
		65F512161CB69A3D00172FF3 /* FDWaveformView.framework */ = {isa = PBXFileReference; explicitFileType = wrapper.framework; includeInIndex = 0; path = FDWaveformView.framework; sourceTree = BUILT_PRODUCTS_DIR; };
		65F512191CB69A3D00172FF3 /* FDWaveformView.h */ = {isa = PBXFileReference; lastKnownFileType = sourcecode.c.h; path = FDWaveformView.h; sourceTree = "<group>"; };
		65F5121B1CB69A3D00172FF3 /* Info.plist */ = {isa = PBXFileReference; lastKnownFileType = text.plist.xml; path = Info.plist; sourceTree = "<group>"; };
		65F512221CB69AFE00172FF3 /* FDWaveformView.h */ = {isa = PBXFileReference; fileEncoding = 4; lastKnownFileType = sourcecode.c.h; name = FDWaveformView.h; path = Pod/Classes/FDWaveformView.h; sourceTree = SOURCE_ROOT; };
		65F512231CB69AFE00172FF3 /* FDWaveformView.m */ = {isa = PBXFileReference; fileEncoding = 4; lastKnownFileType = sourcecode.c.objc; name = FDWaveformView.m; path = Pod/Classes/FDWaveformView.m; sourceTree = SOURCE_ROOT; };
/* End PBXFileReference section */

/* Begin PBXFrameworksBuildPhase section */
		65F512121CB69A3D00172FF3 /* Frameworks */ = {
			isa = PBXFrameworksBuildPhase;
			buildActionMask = 2147483647;
			files = (
			);
			runOnlyForDeploymentPostprocessing = 0;
		};
/* End PBXFrameworksBuildPhase section */

/* Begin PBXGroup section */
		65F5120C1CB69A3C00172FF3 = {
			isa = PBXGroup;
			children = (
				65F512181CB69A3D00172FF3 /* FDWaveformView */,
				65F512171CB69A3D00172FF3 /* Products */,
			);
			sourceTree = "<group>";
		};
		65F512171CB69A3D00172FF3 /* Products */ = {
			isa = PBXGroup;
			children = (
				65F512161CB69A3D00172FF3 /* FDWaveformView.framework */,
			);
			name = Products;
			sourceTree = "<group>";
		};
		65F512181CB69A3D00172FF3 /* FDWaveformView */ = {
			isa = PBXGroup;
			children = (
				65F512211CB69AF300172FF3 /* FDWaveformView */,
				65F512191CB69A3D00172FF3 /* FDWaveformView.h */,
				65F5121B1CB69A3D00172FF3 /* Info.plist */,
			);
			path = FDWaveformView;
			sourceTree = "<group>";
		};
		65F512211CB69AF300172FF3 /* FDWaveformView */ = {
			isa = PBXGroup;
			children = (
				65F512221CB69AFE00172FF3 /* FDWaveformView.h */,
				65F512231CB69AFE00172FF3 /* FDWaveformView.m */,
			);
			name = FDWaveformView;
			sourceTree = "<group>";
		};
/* End PBXGroup section */

/* Begin PBXHeadersBuildPhase section */
		65F512131CB69A3D00172FF3 /* Headers */ = {
			isa = PBXHeadersBuildPhase;
			buildActionMask = 2147483647;
			files = (
				65F5121A1CB69A3D00172FF3 /* FDWaveformView.h in Headers */,
				65F512241CB69AFE00172FF3 /* FDWaveformView.h in Headers */,
			);
			runOnlyForDeploymentPostprocessing = 0;
		};
/* End PBXHeadersBuildPhase section */

/* Begin PBXNativeTarget section */
		65F512151CB69A3D00172FF3 /* FDWaveformView */ = {
			isa = PBXNativeTarget;
			buildConfigurationList = 65F5121E1CB69A3D00172FF3 /* Build configuration list for PBXNativeTarget "FDWaveformView" */;
			buildPhases = (
				65F512111CB69A3D00172FF3 /* Sources */,
				65F512121CB69A3D00172FF3 /* Frameworks */,
				65F512131CB69A3D00172FF3 /* Headers */,
				65F512141CB69A3D00172FF3 /* Resources */,
			);
			buildRules = (
			);
			dependencies = (
			);
			name = FDWaveformView;
			productName = FDWaveformView;
			productReference = 65F512161CB69A3D00172FF3 /* FDWaveformView.framework */;
			productType = "com.apple.product-type.framework";
		};
/* End PBXNativeTarget section */

/* Begin PBXProject section */
		65F5120D1CB69A3C00172FF3 /* Project object */ = {
			isa = PBXProject;
			attributes = {
				LastUpgradeCheck = 0730;
				ORGANIZATIONNAME = "William Entriken";
				TargetAttributes = {
					65F512151CB69A3D00172FF3 = {
						CreatedOnToolsVersion = 7.3;
					};
				};
			};
			buildConfigurationList = 65F512101CB69A3C00172FF3 /* Build configuration list for PBXProject "FDWaveformView" */;
			compatibilityVersion = "Xcode 3.2";
			developmentRegion = English;
			hasScannedForEncodings = 0;
			knownRegions = (
				en,
			);
			mainGroup = 65F5120C1CB69A3C00172FF3;
			productRefGroup = 65F512171CB69A3D00172FF3 /* Products */;
			projectDirPath = "";
			projectRoot = "";
			targets = (
				65F512151CB69A3D00172FF3 /* FDWaveformView */,
			);
		};
/* End PBXProject section */

/* Begin PBXResourcesBuildPhase section */
		65F512141CB69A3D00172FF3 /* Resources */ = {
			isa = PBXResourcesBuildPhase;
			buildActionMask = 2147483647;
			files = (
			);
			runOnlyForDeploymentPostprocessing = 0;
		};
/* End PBXResourcesBuildPhase section */

/* Begin PBXSourcesBuildPhase section */
		65F512111CB69A3D00172FF3 /* Sources */ = {
			isa = PBXSourcesBuildPhase;
			buildActionMask = 2147483647;
			files = (
				65F512251CB69AFE00172FF3 /* FDWaveformView.m in Sources */,
			);
			runOnlyForDeploymentPostprocessing = 0;
		};
/* End PBXSourcesBuildPhase section */

/* Begin XCBuildConfiguration section */
		65F5121C1CB69A3D00172FF3 /* Debug */ = {
			isa = XCBuildConfiguration;
			buildSettings = {
				ALWAYS_SEARCH_USER_PATHS = NO;
				CLANG_ANALYZER_NONNULL = YES;
				CLANG_CXX_LANGUAGE_STANDARD = "gnu++0x";
				CLANG_CXX_LIBRARY = "libc++";
				CLANG_ENABLE_MODULES = YES;
				CLANG_ENABLE_OBJC_ARC = YES;
				CLANG_WARN_BOOL_CONVERSION = YES;
				CLANG_WARN_CONSTANT_CONVERSION = YES;
				CLANG_WARN_DIRECT_OBJC_ISA_USAGE = YES_ERROR;
				CLANG_WARN_EMPTY_BODY = YES;
				CLANG_WARN_ENUM_CONVERSION = YES;
				CLANG_WARN_INT_CONVERSION = YES;
				CLANG_WARN_OBJC_ROOT_CLASS = YES_ERROR;
				CLANG_WARN_UNREACHABLE_CODE = YES;
				CLANG_WARN__DUPLICATE_METHOD_MATCH = YES;
				"CODE_SIGN_IDENTITY[sdk=iphoneos*]" = "iPhone Developer";
				COPY_PHASE_STRIP = NO;
				CURRENT_PROJECT_VERSION = 1;
				DEBUG_INFORMATION_FORMAT = dwarf;
				ENABLE_STRICT_OBJC_MSGSEND = YES;
				ENABLE_TESTABILITY = YES;
				GCC_C_LANGUAGE_STANDARD = gnu99;
				GCC_DYNAMIC_NO_PIC = NO;
				GCC_NO_COMMON_BLOCKS = YES;
				GCC_OPTIMIZATION_LEVEL = 0;
				GCC_PREPROCESSOR_DEFINITIONS = (
					"DEBUG=1",
					"$(inherited)",
				);
				GCC_WARN_64_TO_32_BIT_CONVERSION = YES;
				GCC_WARN_ABOUT_RETURN_TYPE = YES_ERROR;
				GCC_WARN_UNDECLARED_SELECTOR = YES;
				GCC_WARN_UNINITIALIZED_AUTOS = YES_AGGRESSIVE;
				GCC_WARN_UNUSED_FUNCTION = YES;
				GCC_WARN_UNUSED_VARIABLE = YES;
				IPHONEOS_DEPLOYMENT_TARGET = 8.0;
				MTL_ENABLE_DEBUG_INFO = YES;
				ONLY_ACTIVE_ARCH = YES;
				SDKROOT = iphoneos;
				TARGETED_DEVICE_FAMILY = "1,2";
				VERSIONING_SYSTEM = "apple-generic";
				VERSION_INFO_PREFIX = "";
			};
			name = Debug;
		};
		65F5121D1CB69A3D00172FF3 /* Release */ = {
			isa = XCBuildConfiguration;
			buildSettings = {
				ALWAYS_SEARCH_USER_PATHS = NO;
				CLANG_ANALYZER_NONNULL = YES;
				CLANG_CXX_LANGUAGE_STANDARD = "gnu++0x";
				CLANG_CXX_LIBRARY = "libc++";
				CLANG_ENABLE_MODULES = YES;
				CLANG_ENABLE_OBJC_ARC = YES;
				CLANG_WARN_BOOL_CONVERSION = YES;
				CLANG_WARN_CONSTANT_CONVERSION = YES;
				CLANG_WARN_DIRECT_OBJC_ISA_USAGE = YES_ERROR;
				CLANG_WARN_EMPTY_BODY = YES;
				CLANG_WARN_ENUM_CONVERSION = YES;
				CLANG_WARN_INT_CONVERSION = YES;
				CLANG_WARN_OBJC_ROOT_CLASS = YES_ERROR;
				CLANG_WARN_UNREACHABLE_CODE = YES;
				CLANG_WARN__DUPLICATE_METHOD_MATCH = YES;
				"CODE_SIGN_IDENTITY[sdk=iphoneos*]" = "iPhone Developer";
				COPY_PHASE_STRIP = NO;
				CURRENT_PROJECT_VERSION = 1;
				DEBUG_INFORMATION_FORMAT = "dwarf-with-dsym";
				ENABLE_NS_ASSERTIONS = NO;
				ENABLE_STRICT_OBJC_MSGSEND = YES;
				GCC_C_LANGUAGE_STANDARD = gnu99;
				GCC_NO_COMMON_BLOCKS = YES;
				GCC_WARN_64_TO_32_BIT_CONVERSION = YES;
				GCC_WARN_ABOUT_RETURN_TYPE = YES_ERROR;
				GCC_WARN_UNDECLARED_SELECTOR = YES;
				GCC_WARN_UNINITIALIZED_AUTOS = YES_AGGRESSIVE;
				GCC_WARN_UNUSED_FUNCTION = YES;
				GCC_WARN_UNUSED_VARIABLE = YES;
				IPHONEOS_DEPLOYMENT_TARGET = 8.0;
				MTL_ENABLE_DEBUG_INFO = NO;
				SDKROOT = iphoneos;
				TARGETED_DEVICE_FAMILY = "1,2";
				VALIDATE_PRODUCT = YES;
				VERSIONING_SYSTEM = "apple-generic";
				VERSION_INFO_PREFIX = "";
			};
			name = Release;
		};
		65F5121F1CB69A3D00172FF3 /* Debug */ = {
			isa = XCBuildConfiguration;
			buildSettings = {
				DEFINES_MODULE = YES;
				DYLIB_COMPATIBILITY_VERSION = 1;
				DYLIB_CURRENT_VERSION = 1;
				DYLIB_INSTALL_NAME_BASE = "@rpath";
				INFOPLIST_FILE = FDWaveformView/Info.plist;
				INSTALL_PATH = "$(LOCAL_LIBRARY_DIR)/Frameworks";
				LD_RUNPATH_SEARCH_PATHS = "$(inherited) @executable_path/Frameworks @loader_path/Frameworks";
				MODULEMAP_FILE = FDWaveformView/module.modulemap;
				PRODUCT_BUNDLE_IDENTIFIER = fulldecent.FDWaveformView;
				PRODUCT_NAME = "$(TARGET_NAME)";
				SKIP_INSTALL = YES;
			};
			name = Debug;
		};
		65F512201CB69A3D00172FF3 /* Release */ = {
			isa = XCBuildConfiguration;
			buildSettings = {
				DEFINES_MODULE = YES;
				DYLIB_COMPATIBILITY_VERSION = 1;
				DYLIB_CURRENT_VERSION = 1;
				DYLIB_INSTALL_NAME_BASE = "@rpath";
				INFOPLIST_FILE = FDWaveformView/Info.plist;
				INSTALL_PATH = "$(LOCAL_LIBRARY_DIR)/Frameworks";
				LD_RUNPATH_SEARCH_PATHS = "$(inherited) @executable_path/Frameworks @loader_path/Frameworks";
				MODULEMAP_FILE = FDWaveformView/module.modulemap;
				PRODUCT_BUNDLE_IDENTIFIER = fulldecent.FDWaveformView;
				PRODUCT_NAME = "$(TARGET_NAME)";
				SKIP_INSTALL = YES;
			};
			name = Release;
		};
/* End XCBuildConfiguration section */

/* Begin XCConfigurationList section */
		65F512101CB69A3C00172FF3 /* Build configuration list for PBXProject "FDWaveformView" */ = {
			isa = XCConfigurationList;
			buildConfigurations = (
				65F5121C1CB69A3D00172FF3 /* Debug */,
				65F5121D1CB69A3D00172FF3 /* Release */,
			);
			defaultConfigurationIsVisible = 0;
			defaultConfigurationName = Release;
		};
		65F5121E1CB69A3D00172FF3 /* Build configuration list for PBXNativeTarget "FDWaveformView" */ = {
			isa = XCConfigurationList;
			buildConfigurations = (
				65F5121F1CB69A3D00172FF3 /* Debug */,
				65F512201CB69A3D00172FF3 /* Release */,
			);
			defaultConfigurationIsVisible = 0;
			defaultConfigurationName = Release;
		};
/* End XCConfigurationList section */
	};
	rootObject = 65F5120D1CB69A3C00172FF3 /* Project object */;
}
