<?xml version="1.0" encoding="UTF-8"?>
<!DOCTYPE plist PUBLIC "-//Apple//DTD PLIST 1.0//EN" "http://www.apple.com/DTDs/PropertyList-1.0.dtd">
<plist version="1.0">
<dict>
	<key>archiveVersion</key>
	<string>1</string>
	<key>classes</key>
	<dict/>
	<key>objectVersion</key>
	<string>46</string>
	<key>objects</key>
	<dict>
		<key>0B40A602384CDA18EDA7706E</key>
		<dict>
			<key>buildActionMask</key>
			<string>2147483647</string>
			<key>files</key>
			<array/>
			<key>inputPaths</key>
			<array/>
			<key>isa</key>
			<string>PBXShellScriptBuildPhase</string>
			<key>name</key>
			<string>Copy Pods Resources</string>
			<key>outputPaths</key>
			<array/>
			<key>runOnlyForDeploymentPostprocessing</key>
			<string>0</string>
			<key>shellPath</key>
			<string>/bin/sh</string>
			<key>shellScript</key>
			<string>"${SRCROOT}/Pods/Target Support Files/Pods-Tests/Pods-Tests-resources.sh"
</string>
			<key>showEnvVarsInLog</key>
			<string>0</string>
		</dict>
		<key>2720CDE6C2408943DA7B0F28</key>
		<dict>
			<key>includeInIndex</key>
			<string>1</string>
			<key>isa</key>
			<string>PBXFileReference</string>
			<key>lastKnownFileType</key>
			<string>text.xcconfig</string>
			<key>name</key>
			<string>Pods-FDWaveformView.debug.xcconfig</string>
			<key>path</key>
			<string>Pods/Target Support Files/Pods-FDWaveformView/Pods-FDWaveformView.debug.xcconfig</string>
			<key>sourceTree</key>
			<string>&lt;group&gt;</string>
		</dict>
		<key>3BF338440530CEE432C5789B</key>
		<dict>
			<key>explicitFileType</key>
			<string>archive.ar</string>
			<key>includeInIndex</key>
			<string>0</string>
			<key>isa</key>
			<string>PBXFileReference</string>
			<key>path</key>
			<string>libPods-Tests.a</string>
			<key>sourceTree</key>
			<string>BUILT_PRODUCTS_DIR</string>
		</dict>
		<key>4034AFFE0F89EF1C329B5C6B</key>
		<dict>
			<key>buildActionMask</key>
			<string>2147483647</string>
			<key>files</key>
			<array/>
			<key>inputPaths</key>
			<array/>
			<key>isa</key>
			<string>PBXShellScriptBuildPhase</string>
			<key>name</key>
			<string>Check Pods Manifest.lock</string>
			<key>outputPaths</key>
			<array/>
			<key>runOnlyForDeploymentPostprocessing</key>
			<string>0</string>
			<key>shellPath</key>
			<string>/bin/sh</string>
			<key>shellScript</key>
			<string>diff "${PODS_ROOT}/../Podfile.lock" "${PODS_ROOT}/Manifest.lock" &gt; /dev/null
if [[ $? != 0 ]] ; then
    cat &lt;&lt; EOM
error: The sandbox is not in sync with the Podfile.lock. Run 'pod install' or update your CocoaPods installation.
EOM
    exit 1
fi
</string>
			<key>showEnvVarsInLog</key>
			<string>0</string>
		</dict>
		<key>4471D30262BB58442972810E</key>
		<dict>
			<key>includeInIndex</key>
			<string>1</string>
			<key>isa</key>
			<string>PBXFileReference</string>
			<key>lastKnownFileType</key>
			<string>text.xcconfig</string>
			<key>name</key>
			<string>Pods-Tests.debug.xcconfig</string>
			<key>path</key>
			<string>Pods/Target Support Files/Pods-Tests/Pods-Tests.debug.xcconfig</string>
			<key>sourceTree</key>
			<string>&lt;group&gt;</string>
		</dict>
		<key>4CD52CB213BB8465AD5A7274</key>
		<dict>
			<key>buildActionMask</key>
			<string>2147483647</string>
			<key>files</key>
			<array/>
			<key>inputPaths</key>
			<array/>
			<key>isa</key>
			<string>PBXShellScriptBuildPhase</string>
			<key>name</key>
			<string>Embed Pods Frameworks</string>
			<key>outputPaths</key>
			<array/>
			<key>runOnlyForDeploymentPostprocessing</key>
			<string>0</string>
			<key>shellPath</key>
			<string>/bin/sh</string>
			<key>shellScript</key>
			<string>"${SRCROOT}/Pods/Target Support Files/Pods-Tests/Pods-Tests-frameworks.sh"
</string>
			<key>showEnvVarsInLog</key>
			<string>0</string>
		</dict>
		<key>6003F581195388D10070C39A</key>
		<dict>
			<key>children</key>
			<array>
				<string>60FF7A9C1954A5C5007DD14C</string>
				<string>6003F593195388D20070C39A</string>
				<string>6003F5B5195388D20070C39A</string>
				<string>6003F58C195388D20070C39A</string>
				<string>6003F58B195388D20070C39A</string>
				<string>C3B4CDBF0D2FC4F987AD1369</string>
			</array>
			<key>isa</key>
			<string>PBXGroup</string>
			<key>sourceTree</key>
			<string>&lt;group&gt;</string>
		</dict>
		<key>6003F582195388D10070C39A</key>
		<dict>
			<key>attributes</key>
			<dict>
				<key>CLASSPREFIX</key>
				<string>FD</string>
				<key>LastUpgradeCheck</key>
				<string>0720</string>
				<key>ORGANIZATIONNAME</key>
				<string>William Entriken</string>
				<key>TargetAttributes</key>
				<dict>
					<key>6003F5AD195388D20070C39A</key>
					<dict>
						<key>TestTargetID</key>
						<string>6003F589195388D20070C39A</string>
					</dict>
				</dict>
			</dict>
			<key>buildConfigurationList</key>
			<string>6003F585195388D10070C39A</string>
			<key>compatibilityVersion</key>
			<string>Xcode 3.2</string>
			<key>developmentRegion</key>
			<string>English</string>
			<key>hasScannedForEncodings</key>
			<string>0</string>
			<key>isa</key>
			<string>PBXProject</string>
			<key>knownRegions</key>
			<array>
				<string>en</string>
				<string>Base</string>
			</array>
			<key>mainGroup</key>
			<string>6003F581195388D10070C39A</string>
			<key>productRefGroup</key>
			<string>6003F58B195388D20070C39A</string>
			<key>projectDirPath</key>
			<string></string>
			<key>projectReferences</key>
			<array/>
			<key>projectRoot</key>
			<string></string>
			<key>targets</key>
			<array>
				<string>6003F589195388D20070C39A</string>
				<string>6003F5AD195388D20070C39A</string>
			</array>
		</dict>
		<key>6003F585195388D10070C39A</key>
		<dict>
			<key>buildConfigurations</key>
			<array>
				<string>6003F5BD195388D20070C39A</string>
				<string>6003F5BE195388D20070C39A</string>
			</array>
			<key>defaultConfigurationIsVisible</key>
			<string>0</string>
			<key>defaultConfigurationName</key>
			<string>Release</string>
			<key>isa</key>
			<string>XCConfigurationList</string>
		</dict>
		<key>6003F586195388D20070C39A</key>
		<dict>
			<key>buildActionMask</key>
			<string>2147483647</string>
			<key>files</key>
			<array>
				<string>D97A12071C63E67500D0BA9F</string>
				<string>D97A12031C63E4C700D0BA9F</string>
			</array>
			<key>isa</key>
			<string>PBXSourcesBuildPhase</string>
			<key>runOnlyForDeploymentPostprocessing</key>
			<string>0</string>
		</dict>
		<key>6003F587195388D20070C39A</key>
		<dict>
			<key>buildActionMask</key>
			<string>2147483647</string>
			<key>files</key>
			<array>
				<string>6003F590195388D20070C39A</string>
				<string>6003F592195388D20070C39A</string>
				<string>6003F58E195388D20070C39A</string>
				<string>D9FDDEE7D7F464EE61FFAF40</string>
			</array>
			<key>isa</key>
			<string>PBXFrameworksBuildPhase</string>
			<key>runOnlyForDeploymentPostprocessing</key>
			<string>0</string>
		</dict>
		<key>6003F588195388D20070C39A</key>
		<dict>
			<key>buildActionMask</key>
			<string>2147483647</string>
			<key>files</key>
			<array>
				<string>D9DEA6911AB788BE00705BC5</string>
				<string>D9DEA68E1AB788BE00705BC5</string>
				<string>D97A12051C63E53900D0BA9F</string>
				<string>D9DEA6861AB7867500705BC5</string>
				<string>6003F5A9195388D20070C39A</string>
				<string>6003F598195388D20070C39A</string>
				<string>D9DEA68F1AB788BE00705BC5</string>
				<string>D9DEA6901AB788BE00705BC5</string>
			</array>
			<key>isa</key>
			<string>PBXResourcesBuildPhase</string>
			<key>runOnlyForDeploymentPostprocessing</key>
			<string>0</string>
		</dict>
		<key>6003F589195388D20070C39A</key>
		<dict>
			<key>buildConfigurationList</key>
			<string>6003F5BF195388D20070C39A</string>
			<key>buildPhases</key>
			<array>
				<string>4034AFFE0F89EF1C329B5C6B</string>
				<string>6003F586195388D20070C39A</string>
				<string>6003F587195388D20070C39A</string>
				<string>6003F588195388D20070C39A</string>
				<string>B22638C3E234A16E56EFD23E</string>
				<string>CCE8872A7ADE0B9AA7F104F3</string>
			</array>
			<key>buildRules</key>
			<array/>
			<key>dependencies</key>
			<array/>
			<key>isa</key>
			<string>PBXNativeTarget</string>
			<key>name</key>
			<string>FDWaveformView</string>
			<key>productName</key>
			<string>FDWaveformView</string>
			<key>productReference</key>
			<string>6003F58A195388D20070C39A</string>
			<key>productType</key>
			<string>com.apple.product-type.application</string>
		</dict>
		<key>6003F58A195388D20070C39A</key>
		<dict>
			<key>explicitFileType</key>
			<string>wrapper.application</string>
			<key>includeInIndex</key>
			<string>0</string>
			<key>isa</key>
			<string>PBXFileReference</string>
			<key>path</key>
			<string>FDWaveformView.app</string>
			<key>sourceTree</key>
			<string>BUILT_PRODUCTS_DIR</string>
		</dict>
		<key>6003F58B195388D20070C39A</key>
		<dict>
			<key>children</key>
			<array>
				<string>6003F58A195388D20070C39A</string>
				<string>6003F5AE195388D20070C39A</string>
			</array>
			<key>isa</key>
			<string>PBXGroup</string>
			<key>name</key>
			<string>Products</string>
			<key>sourceTree</key>
			<string>&lt;group&gt;</string>
		</dict>
		<key>6003F58C195388D20070C39A</key>
		<dict>
			<key>children</key>
			<array>
				<string>6003F58D195388D20070C39A</string>
				<string>6003F58F195388D20070C39A</string>
				<string>6003F591195388D20070C39A</string>
				<string>6003F5AF195388D20070C39A</string>
				<string>A7209E748714D9BEBA5D5F25</string>
				<string>3BF338440530CEE432C5789B</string>
			</array>
			<key>isa</key>
			<string>PBXGroup</string>
			<key>name</key>
			<string>Frameworks</string>
			<key>sourceTree</key>
			<string>&lt;group&gt;</string>
		</dict>
		<key>6003F58D195388D20070C39A</key>
		<dict>
			<key>isa</key>
			<string>PBXFileReference</string>
			<key>lastKnownFileType</key>
			<string>wrapper.framework</string>
			<key>name</key>
			<string>Foundation.framework</string>
			<key>path</key>
			<string>System/Library/Frameworks/Foundation.framework</string>
			<key>sourceTree</key>
			<string>SDKROOT</string>
		</dict>
		<key>6003F58E195388D20070C39A</key>
		<dict>
			<key>fileRef</key>
			<string>6003F58D195388D20070C39A</string>
			<key>isa</key>
			<string>PBXBuildFile</string>
		</dict>
		<key>6003F58F195388D20070C39A</key>
		<dict>
			<key>isa</key>
			<string>PBXFileReference</string>
			<key>lastKnownFileType</key>
			<string>wrapper.framework</string>
			<key>name</key>
			<string>CoreGraphics.framework</string>
			<key>path</key>
			<string>System/Library/Frameworks/CoreGraphics.framework</string>
			<key>sourceTree</key>
			<string>SDKROOT</string>
		</dict>
		<key>6003F590195388D20070C39A</key>
		<dict>
			<key>fileRef</key>
			<string>6003F58F195388D20070C39A</string>
			<key>isa</key>
			<string>PBXBuildFile</string>
		</dict>
		<key>6003F591195388D20070C39A</key>
		<dict>
			<key>isa</key>
			<string>PBXFileReference</string>
			<key>lastKnownFileType</key>
			<string>wrapper.framework</string>
			<key>name</key>
			<string>UIKit.framework</string>
			<key>path</key>
			<string>System/Library/Frameworks/UIKit.framework</string>
			<key>sourceTree</key>
			<string>SDKROOT</string>
		</dict>
		<key>6003F592195388D20070C39A</key>
		<dict>
			<key>fileRef</key>
			<string>6003F591195388D20070C39A</string>
			<key>isa</key>
			<string>PBXBuildFile</string>
		</dict>
		<key>6003F593195388D20070C39A</key>
		<dict>
			<key>children</key>
			<array>
				<string>D9DEA6921AB788C700705BC5</string>
				<string>D97A12021C63E4C700D0BA9F</string>
				<string>D9DEA6841AB7867500705BC5</string>
				<string>D97A12041C63E53900D0BA9F</string>
				<string>D97A12061C63E67500D0BA9F</string>
				<string>6003F5A8195388D20070C39A</string>
				<string>6003F594195388D20070C39A</string>
				<string>D97A12011C63E4C700D0BA9F</string>
			</array>
			<key>isa</key>
			<string>PBXGroup</string>
			<key>path</key>
			<string>FDWaveformView</string>
			<key>sourceTree</key>
			<string>&lt;group&gt;</string>
		</dict>
		<key>6003F594195388D20070C39A</key>
		<dict>
			<key>children</key>
			<array>
				<string>6003F595195388D20070C39A</string>
				<string>6003F596195388D20070C39A</string>
				<string>6003F59B195388D20070C39A</string>
			</array>
			<key>isa</key>
			<string>PBXGroup</string>
			<key>name</key>
			<string>Supporting Files</string>
			<key>sourceTree</key>
			<string>&lt;group&gt;</string>
		</dict>
		<key>6003F595195388D20070C39A</key>
		<dict>
			<key>isa</key>
			<string>PBXFileReference</string>
			<key>lastKnownFileType</key>
			<string>text.plist.xml</string>
			<key>path</key>
			<string>FDWaveformView-Info.plist</string>
			<key>sourceTree</key>
			<string>&lt;group&gt;</string>
		</dict>
		<key>6003F596195388D20070C39A</key>
		<dict>
			<key>children</key>
			<array>
				<string>6003F597195388D20070C39A</string>
			</array>
			<key>isa</key>
			<string>PBXVariantGroup</string>
			<key>name</key>
			<string>InfoPlist.strings</string>
			<key>sourceTree</key>
			<string>&lt;group&gt;</string>
		</dict>
		<key>6003F597195388D20070C39A</key>
		<dict>
			<key>isa</key>
			<string>PBXFileReference</string>
			<key>lastKnownFileType</key>
			<string>text.plist.strings</string>
			<key>name</key>
			<string>en</string>
			<key>path</key>
			<string>en.lproj/InfoPlist.strings</string>
			<key>sourceTree</key>
			<string>&lt;group&gt;</string>
		</dict>
		<key>6003F598195388D20070C39A</key>
		<dict>
			<key>fileRef</key>
			<string>6003F596195388D20070C39A</string>
			<key>isa</key>
			<string>PBXBuildFile</string>
		</dict>
		<key>6003F59B195388D20070C39A</key>
		<dict>
			<key>isa</key>
			<string>PBXFileReference</string>
			<key>lastKnownFileType</key>
			<string>sourcecode.c.h</string>
			<key>path</key>
			<string>FDWaveformView-Prefix.pch</string>
			<key>sourceTree</key>
			<string>&lt;group&gt;</string>
		</dict>
		<key>6003F5A8195388D20070C39A</key>
		<dict>
			<key>isa</key>
			<string>PBXFileReference</string>
			<key>lastKnownFileType</key>
			<string>folder.assetcatalog</string>
			<key>path</key>
			<string>Images.xcassets</string>
			<key>sourceTree</key>
			<string>&lt;group&gt;</string>
		</dict>
		<key>6003F5A9195388D20070C39A</key>
		<dict>
			<key>fileRef</key>
			<string>6003F5A8195388D20070C39A</string>
			<key>isa</key>
			<string>PBXBuildFile</string>
		</dict>
		<key>6003F5AA195388D20070C39A</key>
		<dict>
			<key>buildActionMask</key>
			<string>2147483647</string>
			<key>files</key>
			<array>
				<string>6003F5BC195388D20070C39A</string>
			</array>
			<key>isa</key>
			<string>PBXSourcesBuildPhase</string>
			<key>runOnlyForDeploymentPostprocessing</key>
			<string>0</string>
		</dict>
		<key>6003F5AB195388D20070C39A</key>
		<dict>
			<key>buildActionMask</key>
			<string>2147483647</string>
			<key>files</key>
			<array>
				<string>6003F5B0195388D20070C39A</string>
				<string>6003F5B2195388D20070C39A</string>
				<string>6003F5B1195388D20070C39A</string>
				<string>A871D04CC9FBB87E4A813282</string>
			</array>
			<key>isa</key>
			<string>PBXFrameworksBuildPhase</string>
			<key>runOnlyForDeploymentPostprocessing</key>
			<string>0</string>
		</dict>
		<key>6003F5AC195388D20070C39A</key>
		<dict>
			<key>buildActionMask</key>
			<string>2147483647</string>
			<key>files</key>
			<array>
				<string>6003F5BA195388D20070C39A</string>
			</array>
			<key>isa</key>
			<string>PBXResourcesBuildPhase</string>
			<key>runOnlyForDeploymentPostprocessing</key>
			<string>0</string>
		</dict>
		<key>6003F5AD195388D20070C39A</key>
		<dict>
			<key>buildConfigurationList</key>
			<string>6003F5C2195388D20070C39A</string>
			<key>buildPhases</key>
			<array>
				<string>AFE22F6BD03EE58965930023</string>
				<string>6003F5AA195388D20070C39A</string>
				<string>6003F5AB195388D20070C39A</string>
				<string>6003F5AC195388D20070C39A</string>
				<string>0B40A602384CDA18EDA7706E</string>
				<string>4CD52CB213BB8465AD5A7274</string>
			</array>
			<key>buildRules</key>
			<array/>
			<key>dependencies</key>
			<array>
				<string>6003F5B4195388D20070C39A</string>
			</array>
			<key>isa</key>
			<string>PBXNativeTarget</string>
			<key>name</key>
			<string>Tests</string>
			<key>productName</key>
			<string>FDWaveformViewTests</string>
			<key>productReference</key>
			<string>6003F5AE195388D20070C39A</string>
			<key>productType</key>
			<string>com.apple.product-type.bundle.unit-test</string>
		</dict>
		<key>6003F5AE195388D20070C39A</key>
		<dict>
			<key>explicitFileType</key>
			<string>wrapper.cfbundle</string>
			<key>includeInIndex</key>
			<string>0</string>
			<key>isa</key>
			<string>PBXFileReference</string>
			<key>path</key>
			<string>Tests.xctest</string>
			<key>sourceTree</key>
			<string>BUILT_PRODUCTS_DIR</string>
		</dict>
		<key>6003F5AF195388D20070C39A</key>
		<dict>
			<key>isa</key>
			<string>PBXFileReference</string>
			<key>lastKnownFileType</key>
			<string>wrapper.framework</string>
			<key>name</key>
			<string>XCTest.framework</string>
			<key>path</key>
			<string>Library/Frameworks/XCTest.framework</string>
			<key>sourceTree</key>
			<string>DEVELOPER_DIR</string>
		</dict>
		<key>6003F5B0195388D20070C39A</key>
		<dict>
			<key>fileRef</key>
			<string>6003F5AF195388D20070C39A</string>
			<key>isa</key>
			<string>PBXBuildFile</string>
		</dict>
		<key>6003F5B1195388D20070C39A</key>
		<dict>
			<key>fileRef</key>
			<string>6003F58D195388D20070C39A</string>
			<key>isa</key>
			<string>PBXBuildFile</string>
		</dict>
		<key>6003F5B2195388D20070C39A</key>
		<dict>
			<key>fileRef</key>
			<string>6003F591195388D20070C39A</string>
			<key>isa</key>
			<string>PBXBuildFile</string>
		</dict>
		<key>6003F5B3195388D20070C39A</key>
		<dict>
			<key>containerPortal</key>
			<string>6003F582195388D10070C39A</string>
			<key>isa</key>
			<string>PBXContainerItemProxy</string>
			<key>proxyType</key>
			<string>1</string>
			<key>remoteGlobalIDString</key>
			<string>6003F589195388D20070C39A</string>
			<key>remoteInfo</key>
			<string>FDWaveformView</string>
		</dict>
		<key>6003F5B4195388D20070C39A</key>
		<dict>
			<key>isa</key>
			<string>PBXTargetDependency</string>
			<key>target</key>
			<string>6003F589195388D20070C39A</string>
			<key>targetProxy</key>
			<string>6003F5B3195388D20070C39A</string>
		</dict>
		<key>6003F5B5195388D20070C39A</key>
		<dict>
			<key>children</key>
			<array>
				<string>6003F5BB195388D20070C39A</string>
				<string>6003F5B6195388D20070C39A</string>
			</array>
			<key>isa</key>
			<string>PBXGroup</string>
			<key>path</key>
			<string>Tests</string>
			<key>sourceTree</key>
			<string>&lt;group&gt;</string>
		</dict>
		<key>6003F5B6195388D20070C39A</key>
		<dict>
			<key>children</key>
			<array>
				<string>6003F5B7195388D20070C39A</string>
				<string>6003F5B8195388D20070C39A</string>
				<string>606FC2411953D9B200FFA9A0</string>
			</array>
			<key>isa</key>
			<string>PBXGroup</string>
			<key>name</key>
			<string>Supporting Files</string>
			<key>sourceTree</key>
			<string>&lt;group&gt;</string>
		</dict>
		<key>6003F5B7195388D20070C39A</key>
		<dict>
			<key>isa</key>
			<string>PBXFileReference</string>
			<key>lastKnownFileType</key>
			<string>text.plist.xml</string>
			<key>path</key>
			<string>Tests-Info.plist</string>
			<key>sourceTree</key>
			<string>&lt;group&gt;</string>
		</dict>
		<key>6003F5B8195388D20070C39A</key>
		<dict>
			<key>children</key>
			<array>
				<string>6003F5B9195388D20070C39A</string>
			</array>
			<key>isa</key>
			<string>PBXVariantGroup</string>
			<key>name</key>
			<string>InfoPlist.strings</string>
			<key>sourceTree</key>
			<string>&lt;group&gt;</string>
		</dict>
		<key>6003F5B9195388D20070C39A</key>
		<dict>
			<key>isa</key>
			<string>PBXFileReference</string>
			<key>lastKnownFileType</key>
			<string>text.plist.strings</string>
			<key>name</key>
			<string>en</string>
			<key>path</key>
			<string>en.lproj/InfoPlist.strings</string>
			<key>sourceTree</key>
			<string>&lt;group&gt;</string>
		</dict>
		<key>6003F5BA195388D20070C39A</key>
		<dict>
			<key>fileRef</key>
			<string>6003F5B8195388D20070C39A</string>
			<key>isa</key>
			<string>PBXBuildFile</string>
		</dict>
		<key>6003F5BB195388D20070C39A</key>
		<dict>
			<key>isa</key>
			<string>PBXFileReference</string>
			<key>lastKnownFileType</key>
			<string>sourcecode.c.objc</string>
			<key>path</key>
			<string>Tests.m</string>
			<key>sourceTree</key>
			<string>&lt;group&gt;</string>
		</dict>
		<key>6003F5BC195388D20070C39A</key>
		<dict>
			<key>fileRef</key>
			<string>6003F5BB195388D20070C39A</string>
			<key>isa</key>
			<string>PBXBuildFile</string>
		</dict>
		<key>6003F5BD195388D20070C39A</key>
		<dict>
			<key>buildSettings</key>
			<dict>
				<key>ALWAYS_SEARCH_USER_PATHS</key>
				<string>NO</string>
				<key>CLANG_CXX_LANGUAGE_STANDARD</key>
				<string>gnu++0x</string>
				<key>CLANG_CXX_LIBRARY</key>
				<string>libc++</string>
				<key>CLANG_ENABLE_MODULES</key>
				<string>YES</string>
				<key>CLANG_ENABLE_OBJC_ARC</key>
				<string>YES</string>
				<key>CLANG_WARN_BOOL_CONVERSION</key>
				<string>YES</string>
				<key>CLANG_WARN_CONSTANT_CONVERSION</key>
				<string>YES</string>
				<key>CLANG_WARN_DIRECT_OBJC_ISA_USAGE</key>
				<string>YES_ERROR</string>
				<key>CLANG_WARN_EMPTY_BODY</key>
				<string>YES</string>
				<key>CLANG_WARN_ENUM_CONVERSION</key>
				<string>YES</string>
				<key>CLANG_WARN_INT_CONVERSION</key>
				<string>YES</string>
				<key>CLANG_WARN_OBJC_ROOT_CLASS</key>
				<string>YES_ERROR</string>
				<key>CLANG_WARN__DUPLICATE_METHOD_MATCH</key>
				<string>YES</string>
				<key>CODE_SIGN_IDENTITY[sdk=iphoneos*]</key>
				<string>iPhone Developer</string>
				<key>COPY_PHASE_STRIP</key>
				<string>NO</string>
				<key>ENABLE_TESTABILITY</key>
				<string>YES</string>
				<key>GCC_C_LANGUAGE_STANDARD</key>
				<string>gnu99</string>
				<key>GCC_DYNAMIC_NO_PIC</key>
				<string>NO</string>
				<key>GCC_OPTIMIZATION_LEVEL</key>
				<string>0</string>
				<key>GCC_PREPROCESSOR_DEFINITIONS</key>
				<array>
					<string>DEBUG=1</string>
					<string>$(inherited)</string>
				</array>
				<key>GCC_SYMBOLS_PRIVATE_EXTERN</key>
				<string>NO</string>
				<key>GCC_WARN_64_TO_32_BIT_CONVERSION</key>
				<string>YES</string>
				<key>GCC_WARN_ABOUT_RETURN_TYPE</key>
				<string>YES_ERROR</string>
				<key>GCC_WARN_UNDECLARED_SELECTOR</key>
				<string>YES</string>
				<key>GCC_WARN_UNINITIALIZED_AUTOS</key>
				<string>YES_AGGRESSIVE</string>
				<key>GCC_WARN_UNUSED_FUNCTION</key>
				<string>YES</string>
				<key>GCC_WARN_UNUSED_VARIABLE</key>
				<string>YES</string>
				<key>IPHONEOS_DEPLOYMENT_TARGET</key>
				<string>8.0</string>
				<key>ONLY_ACTIVE_ARCH</key>
				<string>YES</string>
				<key>SDKROOT</key>
				<string>iphoneos</string>
				<key>TARGETED_DEVICE_FAMILY</key>
				<string>1,2</string>
			</dict>
			<key>isa</key>
			<string>XCBuildConfiguration</string>
			<key>name</key>
			<string>Debug</string>
		</dict>
		<key>6003F5BE195388D20070C39A</key>
		<dict>
			<key>buildSettings</key>
			<dict>
				<key>ALWAYS_SEARCH_USER_PATHS</key>
				<string>NO</string>
				<key>CLANG_CXX_LANGUAGE_STANDARD</key>
				<string>gnu++0x</string>
				<key>CLANG_CXX_LIBRARY</key>
				<string>libc++</string>
				<key>CLANG_ENABLE_MODULES</key>
				<string>YES</string>
				<key>CLANG_ENABLE_OBJC_ARC</key>
				<string>YES</string>
				<key>CLANG_WARN_BOOL_CONVERSION</key>
				<string>YES</string>
				<key>CLANG_WARN_CONSTANT_CONVERSION</key>
				<string>YES</string>
				<key>CLANG_WARN_DIRECT_OBJC_ISA_USAGE</key>
				<string>YES_ERROR</string>
				<key>CLANG_WARN_EMPTY_BODY</key>
				<string>YES</string>
				<key>CLANG_WARN_ENUM_CONVERSION</key>
				<string>YES</string>
				<key>CLANG_WARN_INT_CONVERSION</key>
				<string>YES</string>
				<key>CLANG_WARN_OBJC_ROOT_CLASS</key>
				<string>YES_ERROR</string>
				<key>CLANG_WARN__DUPLICATE_METHOD_MATCH</key>
				<string>YES</string>
				<key>CODE_SIGN_IDENTITY[sdk=iphoneos*]</key>
				<string>iPhone Developer</string>
				<key>COPY_PHASE_STRIP</key>
				<string>YES</string>
				<key>ENABLE_NS_ASSERTIONS</key>
				<string>NO</string>
				<key>GCC_C_LANGUAGE_STANDARD</key>
				<string>gnu99</string>
				<key>GCC_WARN_64_TO_32_BIT_CONVERSION</key>
				<string>YES</string>
				<key>GCC_WARN_ABOUT_RETURN_TYPE</key>
				<string>YES_ERROR</string>
				<key>GCC_WARN_UNDECLARED_SELECTOR</key>
				<string>YES</string>
				<key>GCC_WARN_UNINITIALIZED_AUTOS</key>
				<string>YES_AGGRESSIVE</string>
				<key>GCC_WARN_UNUSED_FUNCTION</key>
				<string>YES</string>
				<key>GCC_WARN_UNUSED_VARIABLE</key>
				<string>YES</string>
				<key>IPHONEOS_DEPLOYMENT_TARGET</key>
				<string>8.0</string>
				<key>SDKROOT</key>
				<string>iphoneos</string>
				<key>TARGETED_DEVICE_FAMILY</key>
				<string>1,2</string>
				<key>VALIDATE_PRODUCT</key>
				<string>YES</string>
			</dict>
			<key>isa</key>
			<string>XCBuildConfiguration</string>
			<key>name</key>
			<string>Release</string>
		</dict>
		<key>6003F5BF195388D20070C39A</key>
		<dict>
			<key>buildConfigurations</key>
			<array>
				<string>6003F5C0195388D20070C39A</string>
				<string>6003F5C1195388D20070C39A</string>
			</array>
			<key>defaultConfigurationIsVisible</key>
			<string>0</string>
			<key>defaultConfigurationName</key>
			<string>Release</string>
			<key>isa</key>
			<string>XCConfigurationList</string>
		</dict>
		<key>6003F5C0195388D20070C39A</key>
		<dict>
			<key>baseConfigurationReference</key>
			<string>2720CDE6C2408943DA7B0F28</string>
			<key>buildSettings</key>
			<dict>
				<key>ASSETCATALOG_COMPILER_APPICON_NAME</key>
				<string>AppIcon</string>
				<key>CLANG_ENABLE_MODULES</key>
				<string>YES</string>
				<key>GCC_PRECOMPILE_PREFIX_HEADER</key>
				<string>YES</string>
				<key>GCC_PREFIX_HEADER</key>
				<string>FDWaveformView/FDWaveformView-Prefix.pch</string>
				<key>INFOPLIST_FILE</key>
				<string>FDWaveformView/FDWaveformView-Info.plist</string>
				<key>IPHONEOS_DEPLOYMENT_TARGET</key>
				<string>8.0</string>
				<key>LD_RUNPATH_SEARCH_PATHS</key>
				<string>$(inherited) @executable_path/Frameworks</string>
				<key>PRODUCT_BUNDLE_IDENTIFIER</key>
				<string>org.cocoapods.demo.${PRODUCT_NAME:rfc1034identifier}</string>
				<key>PRODUCT_NAME</key>
				<string>$(TARGET_NAME)</string>
				<key>SWIFT_OBJC_BRIDGING_HEADER</key>
				<string>FDWaveformView/FDWaveformView-Bridging-Header.h</string>
				<key>SWIFT_OPTIMIZATION_LEVEL</key>
				<string>-Onone</string>
				<key>WRAPPER_EXTENSION</key>
				<string>app</string>
			</dict>
			<key>isa</key>
			<string>XCBuildConfiguration</string>
			<key>name</key>
			<string>Debug</string>
		</dict>
		<key>6003F5C1195388D20070C39A</key>
		<dict>
			<key>baseConfigurationReference</key>
			<string>BAD5F658FE9EFBF3E7D0336C</string>
			<key>buildSettings</key>
			<dict>
				<key>ASSETCATALOG_COMPILER_APPICON_NAME</key>
				<string>AppIcon</string>
				<key>CLANG_ENABLE_MODULES</key>
				<string>YES</string>
				<key>GCC_PRECOMPILE_PREFIX_HEADER</key>
				<string>YES</string>
				<key>GCC_PREFIX_HEADER</key>
				<string>FDWaveformView/FDWaveformView-Prefix.pch</string>
				<key>INFOPLIST_FILE</key>
				<string>FDWaveformView/FDWaveformView-Info.plist</string>
				<key>IPHONEOS_DEPLOYMENT_TARGET</key>
				<string>8.0</string>
				<key>LD_RUNPATH_SEARCH_PATHS</key>
				<string>$(inherited) @executable_path/Frameworks</string>
				<key>PRODUCT_BUNDLE_IDENTIFIER</key>
				<string>org.cocoapods.demo.${PRODUCT_NAME:rfc1034identifier}</string>
				<key>PRODUCT_NAME</key>
				<string>$(TARGET_NAME)</string>
				<key>SWIFT_OBJC_BRIDGING_HEADER</key>
				<string>FDWaveformView/FDWaveformView-Bridging-Header.h</string>
				<key>WRAPPER_EXTENSION</key>
				<string>app</string>
			</dict>
			<key>isa</key>
			<string>XCBuildConfiguration</string>
			<key>name</key>
			<string>Release</string>
		</dict>
		<key>6003F5C2195388D20070C39A</key>
		<dict>
			<key>buildConfigurations</key>
			<array>
				<string>6003F5C3195388D20070C39A</string>
				<string>6003F5C4195388D20070C39A</string>
			</array>
			<key>defaultConfigurationIsVisible</key>
			<string>0</string>
			<key>defaultConfigurationName</key>
			<string>Release</string>
			<key>isa</key>
			<string>XCConfigurationList</string>
		</dict>
		<key>6003F5C3195388D20070C39A</key>
		<dict>
			<key>baseConfigurationReference</key>
			<string>4471D30262BB58442972810E</string>
			<key>buildSettings</key>
			<dict>
				<key>BUNDLE_LOADER</key>
				<string>$(BUILT_PRODUCTS_DIR)/FDWaveformView.app/FDWaveformView</string>
				<key>FRAMEWORK_SEARCH_PATHS</key>
				<array>
					<string>$(SDKROOT)/Developer/Library/Frameworks</string>
					<string>$(inherited)</string>
					<string>$(DEVELOPER_FRAMEWORKS_DIR)</string>
				</array>
				<key>GCC_PRECOMPILE_PREFIX_HEADER</key>
				<string>YES</string>
				<key>GCC_PREFIX_HEADER</key>
				<string>Tests/Tests-Prefix.pch</string>
				<key>GCC_PREPROCESSOR_DEFINITIONS</key>
				<array>
					<string>DEBUG=1</string>
					<string>$(inherited)</string>
				</array>
				<key>INFOPLIST_FILE</key>
				<string>Tests/Tests-Info.plist</string>
				<key>PRODUCT_BUNDLE_IDENTIFIER</key>
				<string>org.cocoapods.demo.${PRODUCT_NAME:rfc1034identifier}</string>
				<key>PRODUCT_NAME</key>
				<string>$(TARGET_NAME)</string>
				<key>TEST_HOST</key>
				<string>$(BUNDLE_LOADER)</string>
				<key>WRAPPER_EXTENSION</key>
				<string>xctest</string>
			</dict>
			<key>isa</key>
			<string>XCBuildConfiguration</string>
			<key>name</key>
			<string>Debug</string>
		</dict>
		<key>6003F5C4195388D20070C39A</key>
		<dict>
			<key>baseConfigurationReference</key>
			<string>CA4E52DE8BC4D0DCFB99EE5A</string>
			<key>buildSettings</key>
			<dict>
				<key>BUNDLE_LOADER</key>
				<string>$(BUILT_PRODUCTS_DIR)/FDWaveformView.app/FDWaveformView</string>
				<key>FRAMEWORK_SEARCH_PATHS</key>
				<array>
					<string>$(SDKROOT)/Developer/Library/Frameworks</string>
					<string>$(inherited)</string>
					<string>$(DEVELOPER_FRAMEWORKS_DIR)</string>
				</array>
				<key>GCC_PRECOMPILE_PREFIX_HEADER</key>
				<string>YES</string>
				<key>GCC_PREFIX_HEADER</key>
				<string>Tests/Tests-Prefix.pch</string>
				<key>INFOPLIST_FILE</key>
				<string>Tests/Tests-Info.plist</string>
				<key>PRODUCT_BUNDLE_IDENTIFIER</key>
				<string>org.cocoapods.demo.${PRODUCT_NAME:rfc1034identifier}</string>
				<key>PRODUCT_NAME</key>
				<string>$(TARGET_NAME)</string>
				<key>TEST_HOST</key>
				<string>$(BUNDLE_LOADER)</string>
				<key>WRAPPER_EXTENSION</key>
				<string>xctest</string>
			</dict>
			<key>isa</key>
			<string>XCBuildConfiguration</string>
			<key>name</key>
			<string>Release</string>
		</dict>
		<key>606FC2411953D9B200FFA9A0</key>
		<dict>
			<key>isa</key>
			<string>PBXFileReference</string>
			<key>lastKnownFileType</key>
			<string>sourcecode.c.h</string>
			<key>path</key>
			<string>Tests-Prefix.pch</string>
			<key>sourceTree</key>
			<string>&lt;group&gt;</string>
		</dict>
		<key>60FF7A9C1954A5C5007DD14C</key>
		<dict>
			<key>children</key>
			<array>
				<string>792D2C4EA4445CC8FDA17A08</string>
				<string>FCA1D9581A97E29654211445</string>
				<string>726FBEF30FBACD95B1BB79CA</string>
			</array>
			<key>isa</key>
			<string>PBXGroup</string>
			<key>name</key>
			<string>Podspec Metadata</string>
			<key>sourceTree</key>
			<string>&lt;group&gt;</string>
		</dict>
		<key>726FBEF30FBACD95B1BB79CA</key>
		<dict>
			<key>includeInIndex</key>
			<string>1</string>
			<key>isa</key>
			<string>PBXFileReference</string>
			<key>lastKnownFileType</key>
			<string>text</string>
			<key>name</key>
			<string>LICENSE</string>
			<key>path</key>
			<string>../LICENSE</string>
			<key>sourceTree</key>
			<string>&lt;group&gt;</string>
		</dict>
		<key>792D2C4EA4445CC8FDA17A08</key>
		<dict>
			<key>includeInIndex</key>
			<string>1</string>
			<key>isa</key>
			<string>PBXFileReference</string>
			<key>lastKnownFileType</key>
			<string>text</string>
			<key>name</key>
			<string>FDWaveformView.podspec</string>
			<key>path</key>
			<string>../FDWaveformView.podspec</string>
			<key>sourceTree</key>
			<string>&lt;group&gt;</string>
		</dict>
		<key>A7209E748714D9BEBA5D5F25</key>
		<dict>
			<key>explicitFileType</key>
			<string>archive.ar</string>
			<key>includeInIndex</key>
			<string>0</string>
			<key>isa</key>
			<string>PBXFileReference</string>
			<key>path</key>
			<string>libPods-FDWaveformView.a</string>
			<key>sourceTree</key>
			<string>BUILT_PRODUCTS_DIR</string>
		</dict>
		<key>A871D04CC9FBB87E4A813282</key>
		<dict>
			<key>fileRef</key>
			<string>3BF338440530CEE432C5789B</string>
			<key>isa</key>
			<string>PBXBuildFile</string>
		</dict>
		<key>AFE22F6BD03EE58965930023</key>
		<dict>
			<key>buildActionMask</key>
			<string>2147483647</string>
			<key>files</key>
			<array/>
			<key>inputPaths</key>
			<array/>
			<key>isa</key>
			<string>PBXShellScriptBuildPhase</string>
			<key>name</key>
			<string>Check Pods Manifest.lock</string>
			<key>outputPaths</key>
			<array/>
			<key>runOnlyForDeploymentPostprocessing</key>
			<string>0</string>
			<key>shellPath</key>
			<string>/bin/sh</string>
			<key>shellScript</key>
			<string>diff "${PODS_ROOT}/../Podfile.lock" "${PODS_ROOT}/Manifest.lock" &gt; /dev/null
if [[ $? != 0 ]] ; then
    cat &lt;&lt; EOM
error: The sandbox is not in sync with the Podfile.lock. Run 'pod install' or update your CocoaPods installation.
EOM
    exit 1
fi
</string>
			<key>showEnvVarsInLog</key>
			<string>0</string>
		</dict>
		<key>B22638C3E234A16E56EFD23E</key>
		<dict>
			<key>buildActionMask</key>
			<string>2147483647</string>
			<key>files</key>
			<array/>
			<key>inputPaths</key>
			<array/>
			<key>isa</key>
			<string>PBXShellScriptBuildPhase</string>
			<key>name</key>
			<string>Copy Pods Resources</string>
			<key>outputPaths</key>
			<array/>
			<key>runOnlyForDeploymentPostprocessing</key>
			<string>0</string>
			<key>shellPath</key>
			<string>/bin/sh</string>
			<key>shellScript</key>
			<string>"${SRCROOT}/Pods/Target Support Files/Pods-FDWaveformView/Pods-FDWaveformView-resources.sh"
</string>
			<key>showEnvVarsInLog</key>
			<string>0</string>
		</dict>
		<key>BAD5F658FE9EFBF3E7D0336C</key>
		<dict>
			<key>includeInIndex</key>
			<string>1</string>
			<key>isa</key>
			<string>PBXFileReference</string>
			<key>lastKnownFileType</key>
			<string>text.xcconfig</string>
			<key>name</key>
			<string>Pods-FDWaveformView.release.xcconfig</string>
			<key>path</key>
			<string>Pods/Target Support Files/Pods-FDWaveformView/Pods-FDWaveformView.release.xcconfig</string>
			<key>sourceTree</key>
			<string>&lt;group&gt;</string>
		</dict>
		<key>C3B4CDBF0D2FC4F987AD1369</key>
		<dict>
			<key>children</key>
			<array>
				<string>2720CDE6C2408943DA7B0F28</string>
				<string>BAD5F658FE9EFBF3E7D0336C</string>
				<string>4471D30262BB58442972810E</string>
				<string>CA4E52DE8BC4D0DCFB99EE5A</string>
			</array>
			<key>isa</key>
			<string>PBXGroup</string>
			<key>name</key>
			<string>Pods</string>
			<key>sourceTree</key>
			<string>&lt;group&gt;</string>
		</dict>
		<key>CA4E52DE8BC4D0DCFB99EE5A</key>
		<dict>
			<key>includeInIndex</key>
			<string>1</string>
			<key>isa</key>
			<string>PBXFileReference</string>
			<key>lastKnownFileType</key>
			<string>text.xcconfig</string>
			<key>name</key>
			<string>Pods-Tests.release.xcconfig</string>
			<key>path</key>
			<string>Pods/Target Support Files/Pods-Tests/Pods-Tests.release.xcconfig</string>
			<key>sourceTree</key>
			<string>&lt;group&gt;</string>
		</dict>
		<key>CCE8872A7ADE0B9AA7F104F3</key>
		<dict>
			<key>buildActionMask</key>
			<string>2147483647</string>
			<key>files</key>
			<array/>
			<key>inputPaths</key>
			<array/>
			<key>isa</key>
			<string>PBXShellScriptBuildPhase</string>
			<key>name</key>
			<string>Embed Pods Frameworks</string>
			<key>outputPaths</key>
			<array/>
			<key>runOnlyForDeploymentPostprocessing</key>
			<string>0</string>
			<key>shellPath</key>
			<string>/bin/sh</string>
			<key>shellScript</key>
			<string>"${SRCROOT}/Pods/Target Support Files/Pods-FDWaveformView/Pods-FDWaveformView-frameworks.sh"
</string>
			<key>showEnvVarsInLog</key>
			<string>0</string>
		</dict>
		<key>D97A12011C63E4C700D0BA9F</key>
		<dict>
			<key>isa</key>
			<string>PBXFileReference</string>
			<key>lastKnownFileType</key>
			<string>sourcecode.c.h</string>
			<key>path</key>
			<string>FDWaveformView-Bridging-Header.h</string>
			<key>sourceTree</key>
			<string>&lt;group&gt;</string>
		</dict>
		<key>D97A12021C63E4C700D0BA9F</key>
		<dict>
			<key>fileEncoding</key>
			<string>4</string>
			<key>isa</key>
			<string>PBXFileReference</string>
			<key>lastKnownFileType</key>
			<string>sourcecode.swift</string>
			<key>path</key>
			<string>FDAppDelegate.swift</string>
			<key>sourceTree</key>
			<string>&lt;group&gt;</string>
		</dict>
		<key>D97A12031C63E4C700D0BA9F</key>
		<dict>
			<key>fileRef</key>
			<string>D97A12021C63E4C700D0BA9F</string>
			<key>isa</key>
			<string>PBXBuildFile</string>
		</dict>
		<key>D97A12041C63E53900D0BA9F</key>
		<dict>
			<key>fileEncoding</key>
			<string>4</string>
			<key>isa</key>
			<string>PBXFileReference</string>
			<key>lastKnownFileType</key>
			<string>file.storyboard</string>
			<key>name</key>
			<string>Launch Screen.storyboard</string>
			<key>path</key>
			<string>../Launch Screen.storyboard</string>
			<key>sourceTree</key>
			<string>&lt;group&gt;</string>
		</dict>
		<key>D97A12051C63E53900D0BA9F</key>
		<dict>
			<key>fileRef</key>
			<string>D97A12041C63E53900D0BA9F</string>
			<key>isa</key>
			<string>PBXBuildFile</string>
		</dict>
		<key>D97A12061C63E67500D0BA9F</key>
		<dict>
			<key>fileEncoding</key>
			<string>4</string>
			<key>isa</key>
			<string>PBXFileReference</string>
			<key>lastKnownFileType</key>
			<string>sourcecode.swift</string>
			<key>path</key>
			<string>ViewController.swift</string>
			<key>sourceTree</key>
			<string>&lt;group&gt;</string>
		</dict>
		<key>D97A12071C63E67500D0BA9F</key>
		<dict>
			<key>fileRef</key>
			<string>D97A12061C63E67500D0BA9F</string>
			<key>isa</key>
			<string>PBXBuildFile</string>
		</dict>
		<key>D9DEA6841AB7867500705BC5</key>
		<dict>
			<key>children</key>
			<array>
				<string>D9DEA6851AB7867500705BC5</string>
			</array>
			<key>isa</key>
			<string>PBXVariantGroup</string>
			<key>name</key>
			<string>Main.storyboard</string>
			<key>sourceTree</key>
			<string>&lt;group&gt;</string>
		</dict>
		<key>D9DEA6851AB7867500705BC5</key>
		<dict>
			<key>isa</key>
			<string>PBXFileReference</string>
			<key>lastKnownFileType</key>
			<string>file.storyboard</string>
			<key>name</key>
			<string>Base</string>
			<key>path</key>
			<string>Base.lproj/Main.storyboard</string>
			<key>sourceTree</key>
			<string>&lt;group&gt;</string>
		</dict>
		<key>D9DEA6861AB7867500705BC5</key>
		<dict>
			<key>fileRef</key>
			<string>D9DEA6841AB7867500705BC5</string>
			<key>isa</key>
			<string>PBXBuildFile</string>
		</dict>
		<key>D9DEA68A1AB788BE00705BC5</key>
		<dict>
			<key>isa</key>
			<string>PBXFileReference</string>
			<key>lastKnownFileType</key>
			<string>audio.aiff</string>
			<key>path</key>
			<string>Submarine.aiff</string>
			<key>sourceTree</key>
			<string>&lt;group&gt;</string>
		</dict>
		<key>D9DEA68B1AB788BE00705BC5</key>
		<dict>
			<key>isa</key>
			<string>PBXFileReference</string>
			<key>lastKnownFileType</key>
			<string>file</string>
			<key>path</key>
			<string>TchaikovskyExample2.m4a</string>
			<key>sourceTree</key>
			<string>&lt;group&gt;</string>
		</dict>
		<key>D9DEA68C1AB788BE00705BC5</key>
		<dict>
			<key>isa</key>
			<string>PBXFileReference</string>
			<key>lastKnownFileType</key>
			<string>audio.mp3</string>
			<key>path</key>
			<string>TchaikovskyExample2.mp3</string>
			<key>sourceTree</key>
			<string>&lt;group&gt;</string>
		</dict>
		<key>D9DEA68D1AB788BE00705BC5</key>
		<dict>
			<key>isa</key>
			<string>PBXFileReference</string>
			<key>lastKnownFileType</key>
			<string>file</string>
			<key>path</key>
			<string>TchaikovskyExample2.ogg</string>
			<key>sourceTree</key>
			<string>&lt;group&gt;</string>
		</dict>
		<key>D9DEA68E1AB788BE00705BC5</key>
		<dict>
			<key>fileRef</key>
			<string>D9DEA68A1AB788BE00705BC5</string>
			<key>isa</key>
			<string>PBXBuildFile</string>
		</dict>
		<key>D9DEA68F1AB788BE00705BC5</key>
		<dict>
			<key>fileRef</key>
			<string>D9DEA68B1AB788BE00705BC5</string>
			<key>isa</key>
			<string>PBXBuildFile</string>
		</dict>
		<key>D9DEA6901AB788BE00705BC5</key>
		<dict>
			<key>fileRef</key>
			<string>D9DEA68C1AB788BE00705BC5</string>
			<key>isa</key>
			<string>PBXBuildFile</string>
		</dict>
		<key>D9DEA6911AB788BE00705BC5</key>
		<dict>
			<key>fileRef</key>
			<string>D9DEA68D1AB788BE00705BC5</string>
			<key>isa</key>
			<string>PBXBuildFile</string>
		</dict>
		<key>D9DEA6921AB788C700705BC5</key>
		<dict>
			<key>children</key>
			<array>
				<string>D9DEA68A1AB788BE00705BC5</string>
				<string>D9DEA68B1AB788BE00705BC5</string>
				<string>D9DEA68C1AB788BE00705BC5</string>
				<string>D9DEA68D1AB788BE00705BC5</string>
			</array>
			<key>isa</key>
			<string>PBXGroup</string>
			<key>name</key>
			<string>Assets</string>
			<key>sourceTree</key>
			<string>&lt;group&gt;</string>
		</dict>
		<key>D9FDDEE7D7F464EE61FFAF40</key>
		<dict>
			<key>fileRef</key>
			<string>A7209E748714D9BEBA5D5F25</string>
			<key>isa</key>
			<string>PBXBuildFile</string>
		</dict>
		<key>FCA1D9581A97E29654211445</key>
		<dict>
			<key>includeInIndex</key>
			<string>1</string>
			<key>isa</key>
			<string>PBXFileReference</string>
			<key>lastKnownFileType</key>
			<string>net.daringfireball.markdown</string>
			<key>name</key>
			<string>README.md</string>
			<key>path</key>
			<string>../README.md</string>
			<key>sourceTree</key>
			<string>&lt;group&gt;</string>
		</dict>
	</dict>
	<key>rootObject</key>
	<string>6003F582195388D10070C39A</string>
</dict>
</plist>
